hash: 90e30b60b37a1dcf1a9b7a641d2b155e80f1e5183471279aed9abec168ed63a8
updated: 2016-08-04T15:34:19.118506875-07:00
imports:
- name: bitbucket.org/ww/goautoneg
  version: '***'
- name: github.com/beorn7/perks
  version: b965b613227fddccbfffe13eae360ed3fa822f8d
  subpackages:
  - quantile
- name: github.com/cloudflare/cfssl
  version: db0d0650b6496bfe8061ec56a92edd32d8e75c30
  subpackages:
  - crypto/pkcs7
  - csr
  - errors
  - helpers
  - helpers/derhelpers
  - log
  - transport/core
- name: github.com/coreos/go-systemd
  version: d6c05a1dcbb5ac02b7653da4d99e5db340c20778
  subpackages:
  - activation
- name: github.com/golang/protobuf
  version: c22ae3cf020a21ebb7ae566dccbe90fc8ea4f9ea
  subpackages:
  - proto
- name: github.com/matttproud/golang_protobuf_extensions
  version: fc2b8d3a73c4867e51861bbdd5ae3c1f0869dd6a
  subpackages:
  - pbutil
- name: github.com/prometheus/client_golang
  version: 6dbab8106ed3ed77359ac85d9cf08e30290df864
  subpackages:
  - model
  - prometheus
  - text
- name: github.com/prometheus/client_model
  version: fa8ad6fec33561be4280a8f0514318c79d7f6cb6
  subpackages:
  - go
- name: github.com/prometheus/procfs
  version: 6c34ef819e19b4e16f410100ace4aa006f0e3bf8
- name: golang.org/x/crypto
  version: 1f22c0103821b9390939b6776727195525381532
  subpackages:
  - pbkdf2
  - pkcs12
  - pkcs12/internal/rc2
  - scrypt
testImports: []
