github.com/beorn7/perks v0.0.0-20160804104726-4c0e84591b9a/go.mod h1:Dwedo/Wpr24TaqPxmxbtue+5NUziq4I4S80YR8gNf3Q=
github.com/certifi/gocertifi v0.0.0-20160926115448-a61bf5eafa3a h1:zmAIZ9hpjwOsxZ/no776lftrcUR2w0lPiDq3tOBZjh4=
github.com/certifi/gocertifi v0.0.0-20160926115448-a61bf5eafa3a/go.mod h1:GJKEexRPVJrBSOjoqN5VNOIKJ5Q3RViH6eu3puDRwx4=
github.com/coreos/go-systemd v0.0.0-20180511133405-39ca1b05acc7 h1:u9SHYsPQNyt5tgDm3YN7+9dYrpK96E5wFilTFWIDZOM=
github.com/coreos/go-systemd v0.0.0-20180511133405-39ca1b05acc7/go.mod h1:F5haX7vjVVG0kc13fIWeqUViNPyEJxv/OmvnBo0Yme4=
github.com/getsentry/raven-go v0.0.0-20161115135411-3f7439d3e74d h1:l+MZegqjcffeVt3U7OldySISIA+wDlizPTz9Ki2u3k4=
github.com/getsentry/raven-go v0.0.0-20161115135411-3f7439d3e74d/go.mod h1:KungGk8q33+aIAZUIVWZDr2OfAEBsO49PX4NzFV5kcQ=
github.com/golang/protobuf v0.0.0-20160727172617-c3cefd437628 h1:7pHhwTuNdftkJfHSHYdnqUF6KIcsv/CKh6K4JNiataA=
github.com/golang/protobuf v0.0.0-20160727172617-c3cefd437628/go.mod h1:6lQm79b+lXiMfvg/cZm0SGofjICqVBUtrP5yJMmIC1U=
github.com/matttproud/golang_protobuf_extensions v1.0.1/go.mod h1:D8He9yQNgCq6Z5Ld7szi9bcBfOoFv/3dc6xSMkL2PC0=
github.com/prometheus/client_golang v0.0.0-20160802072246-52437c81da6b h1:FBSxD2pyjKYZonsSBJlP1d4uzYt7ei7s1gY4/lYLljg=
github.com/prometheus/client_golang v0.0.0-20160802072246-52437c81da6b/go.mod h1:7SWBe2y4D6OKWSNQJUaRYU/AaXPKyh/dDVn+NZz0KFw=
github.com/prometheus/client_model v0.0.0-20150212101744-fa8ad6fec335 h1:0E/5GnGmzoDCtmzTycjGDWW33H0UBmAhR0h+FC8hWLs=
github.com/prometheus/client_model v0.0.0-20150212101744-fa8ad6fec335/go.mod h1:MbSGuTsp3dbXC40dX6PRTWyKYBIrTGTE9sqQNg2J8bo=
github.com/prometheus/common v0.0.0-20160801171955-ebdfc6da4652 h1:A/LzG6yfGZUKPD+rhVa5CAqQawH8KHuLlZgukD8dxLs=
github.com/prometheus/common v0.0.0-20160801171955-ebdfc6da4652/go.mod h1:daVV7qP5qjZbuso7PdcryaAu0sAZbrN9i7WWcTMWvro=
github.com/prometheus/procfs v0.0.0-20160411190841-abf152e5f3e9 h1:ex32PG6WhE5zviWS08vcXTwX2IkaH9zpeYZZvrmj3/U=
github.com/prometheus/procfs v0.0.0-20160411190841-abf152e5f3e9/go.mod h1:c3At6R/oaqEKCNdg8wHV1ftS6bRYblBhIjjI8uT2IGk=
golang.org/x/crypto v0.0.0-20160805151209-e0d166c33c32 h1:orjxaMFn0kx8RSetfWT4ZJftfmaKnzlNRm4FFFv9HFI=
golang.org/x/crypto v0.0.0-20160805151209-e0d166c33c32/go.mod h1:6SG95UA2DQfeDnfUPMdvaQW0Q7yPrPDi9nlGo2tz2b4=
