# This file is autogenerated, do not edit; changes may be undone by the next 'dep ensure'.


[[projects]]
  digest = "1:cb0535f5823b47df7dcb9768ebb6c000b79ad115472910c70efe93c9ed9b2315"
  name = "github.com/beorn7/perks"
  packages = ["quantile"]
  pruneopts = "NUT"
  revision = "4c0e84591b9aa9e6dcfdf3e020114cd81f89d5f9"

[[projects]]
  digest = "1:d717ea28807d360de028a3281a6dae665d8ac7fd31fbbcfad51eb6da72f31a11"
  name = "github.com/certifi/gocertifi"
  packages = ["."]
  pruneopts = "NUT"
  revision = "a61bf5eafa3aee233ec8043e9da052447e5463dd"
  version = "2016.09.26"

[[projects]]
  digest = "1:5155f7153c694dc8e2efd74d799a27fd54e65778fa3f0c3e17626df724857db9"
  name = "github.com/coreos/go-systemd"
  packages = ["activation"]
  pruneopts = "NUT"
  revision = "39ca1b05acc7ad1220e09f133283b8859a8b71ab"
  version = "v17"

[[projects]]
  digest = "1:6d97d4917067e1fa8b8762d4e240b74359598b402a4eb5a0408e837417a33c52"
  name = "github.com/getsentry/raven-go"
  packages = ["."]
  pruneopts = "NUT"
  revision = "3f7439d3e74d88e21d196ba20eb61a5a958bc118"

[[projects]]
  digest = "1:aa45a433fd2bfcb461891a7b20e90d5a81475c3f8f4aad98b2b924f521993b7b"
  name = "github.com/golang/protobuf"
  packages = ["proto"]
  pruneopts = "NUT"
  revision = "c3cefd437628a0b7d31b34fe44b3a7a540e98527"

[[projects]]
  digest = "1:5985ef4caf91ece5d54817c11ea25f182697534f8ae6521eadcd628c142ac4b6"
  name = "github.com/matttproud/golang_protobuf_extensions"
  packages = ["pbutil"]
  pruneopts = "NUT"
  revision = "c12348ce28de40eed0136aa2b644d0ee0650e56c"
  version = "v1.0.1"

[[projects]]
  digest = "1:ac0c77ebf8e63069d7774814e94cecc7055163983b0e2e38713a706568c50516"
  name = "github.com/prometheus/client_golang"
  packages = ["prometheus"]
  pruneopts = "NUT"
  revision = "52437c81da6b127a9925d17eb3a382a2e5fd395e"

[[projects]]
  digest = "1:9fe8945a11a9f588a9d306b4741cad634da9015a704271b9506810e2cc77fa17"
  name = "github.com/prometheus/client_model"
  packages = ["go"]
  pruneopts = "NUT"
  revision = "fa8ad6fec33561be4280a8f0514318c79d7f6cb6"

[[projects]]
  digest = "1:5da4ef51d294b7ac2edb0cf1f91a4f5fb8c5dcee814bb1aeced26d569fd0cb26"
  name = "github.com/prometheus/common"
  packages = [
    "expfmt",
    "internal/bitbucket.org/ww/goautoneg",
    "model",
  ]
  pruneopts = "NUT"
  revision = "ebdfc6da46522d58825777cf1f90490a5b1ef1d8"

[[projects]]
  digest = "1:dcfff2d5e99e01dcb856dd8afb0b509c1d05443f0b523cc5333b33a819829ed9"
  name = "github.com/prometheus/procfs"
  packages = ["."]
  pruneopts = "NUT"
  revision = "abf152e5f3e97f2fafac028d2cc06c1feb87ffa5"

[[projects]]
  digest = "1:475fbcdd5c6fbfa2ee5884e1c8c25060dccd25a6ced6ec260d23128640aa4478"
  name = "golang.org/x/crypto"
  packages = [
    "curve25519",
    "ed25519",
    "ed25519/internal/edwards25519",
    "pbkdf2",
    "scrypt",
    "ssh",
  ]
  pruneopts = "NUT"
  revision = "e0d166c33c321d0ff863f459a5882096e334f508"

[solve-meta]
  analyzer-name = "dep"
  analyzer-version = 1
  input-imports = [
    "github.com/coreos/go-systemd/activation",
    "github.com/getsentry/raven-go",
    "github.com/prometheus/client_golang/prometheus",
    "golang.org/x/crypto/scrypt",
    "golang.org/x/crypto/ssh",
  ]
  solver-name = "gps-cdcl"
  solver-version = 1
